
Microsoft Visual Studio Solution File, Format Version 12.00
# Visual Studio Version 16
VisualStudioVersion = 16.0.29324.140
MinimumVisualStudioVersion = 10.0.40219.1
Project("{FAE04EC0-301F-11D3-BF4B-00C04F79EFBC}") = "WordPredictor", "WordPredictor.csproj", "{CAC752C0-E978-4D49-A31E-AF7B170CD195}"
EndProject
Global
	GlobalSection(SolutionConfigurationPlatforms) = preSolution
		Debug|Any CPU = Debug|Any CPU
		Release|Any CPU = Release|Any CPU
	EndGlobalSection
	GlobalSection(ProjectConfigurationPlatforms) = postSolution
		{CAC752C0-E978-4D49-A31E-AF7B170CD195}.Debug|Any CPU.ActiveCfg = Debug|Any CPU
		{CAC752C0-E978-4D49-A31E-AF7B170CD195}.Debug|Any CPU.Build.0 = Debug|Any CPU
		{CAC752C0-E978-4D49-A31E-AF7B170CD195}.Release|Any CPU.ActiveCfg = Release|Any CPU
		{CAC752C0-E978-4D49-A31E-AF7B170CD195}.Release|Any CPU.Build.0 = Release|Any CPU
	EndGlobalSection
	GlobalSection(SolutionProperties) = preSolution
		HideSolutionNode = FALSE
	EndGlobalSection
	GlobalSection(ExtensibilityGlobals) = postSolution
		SolutionGuid = {80C8960B-9FC2-4DD6-8195-81CB98DF853D}
	EndGlobalSection
EndGlobal
